#
# This file is autogenerated by pip-compile with Python 3.12
# by the following command:
#
#    pip-compile --extra=all --output-file=requirements.lock pyproject.toml
#
--index-url https://pypi.tuna.tsinghua.edu.cn/simple
--trusted-host pypi.tuna.tsinghua.edu.cn

allure-pytest==2.16.0
    # via auto-test-framework (pyproject.toml)
allure-python-commons==2.16.0
    # via allure-pytest
annotated-doc==0.0.4
    # via typer
annotated-types==0.7.0
    # via pydantic
anyio==4.13.0
    # via httpx
attrs==26.1.0
    # via allure-python-commons
authlib==1.7.2
    # via safety
bandit==1.9.4
    # via auto-test-framework (pyproject.toml)
build==1.5.0
    # via pip-tools
certifi==2026.5.20
    # via
    #   httpcore
    #   httpx
    #   safety
cffi==2.0.0
    # via cryptography
click==8.4.1
    # via
    #   nltk
    #   pip-tools
    #   safety
    #   typer
colorama==0.4.6
    # via
    #   auto-test-framework (pyproject.toml)
    #   bandit
    #   build
    #   click
    #   pytest
    #   tqdm
coverage[toml]==7.14.1
    # via pytest-cov
cryptography==48.0.0
    # via
    #   authlib
    #   joserfc
dparse==0.6.4
    # via
    #   safety
    #   safety-schemas
execnet==2.1.2
    # via pytest-xdist
filelock==3.29.1
    # via safety
greenlet==3.5.1
    # via sqlalchemy
grpcio==1.81.0
    # via
    #   auto-test-framework (pyproject.toml)
    #   grpcio-tools
grpcio-tools==1.81.0
    # via auto-test-framework (pyproject.toml)
h11==0.16.0
    # via httpcore
httpcore==1.0.9
    # via httpx
httpx==0.28.1
    # via
    #   auto-test-framework (pyproject.toml)
    #   safety
idna==3.18
    # via
    #   anyio
    #   httpx
iniconfig==2.3.0
    # via pytest
jinja2==3.1.6
    # via
    #   auto-test-framework (pyproject.toml)
    #   pytest-html
    #   safety
joblib==1.5.3
    # via nltk
joserfc==1.7.0
    # via authlib
jsonpath-ng==1.8.0
    # via auto-test-framework (pyproject.toml)
markdown-it-py==4.2.0
    # via rich
markupsafe==3.0.3
    # via jinja2
marshmallow==4.3.0
    # via safety
mdurl==0.1.2
    # via markdown-it-py
nltk==3.9.4
    # via safety
packaging==26.2
    # via
    #   build
    #   dparse
    #   pytest
    #   pytest-rerunfailures
    #   safety
    #   safety-schemas
    #   wheel
pip-tools==7.5.3
    # via auto-test-framework (pyproject.toml)
pluggy==1.6.0
    # via
    #   allure-python-commons
    #   pytest
    #   pytest-cov
protobuf==6.33.6
    # via
    #   auto-test-framework (pyproject.toml)
    #   grpcio-tools
psycopg2-binary==2.9.12
    # via auto-test-framework (pyproject.toml)
pycparser==3.0
    # via cffi
pydantic==2.13.4
    # via
    #   auto-test-framework (pyproject.toml)
    #   safety
    #   safety-schemas
pydantic-core==2.46.4
    # via pydantic
pygments==2.20.0
    # via
    #   pytest
    #   rich
pymysql==1.2.0
    # via auto-test-framework (pyproject.toml)
pyproject-hooks==1.2.0
    # via
    #   build
    #   pip-tools
pytest==9.0.3
    # via
    #   allure-pytest
    #   auto-test-framework (pyproject.toml)
    #   pytest-cov
    #   pytest-html
    #   pytest-metadata
    #   pytest-rerunfailures
    #   pytest-timeout
    #   pytest-xdist
pytest-cov==7.1.0
    # via auto-test-framework (pyproject.toml)
pytest-html==4.2.0
    # via auto-test-framework (pyproject.toml)
pytest-metadata==3.1.1
    # via pytest-html
pytest-rerunfailures==16.3
    # via auto-test-framework (pyproject.toml)
pytest-timeout==2.4.0
    # via auto-test-framework (pyproject.toml)
pytest-xdist==3.8.0
    # via auto-test-framework (pyproject.toml)
pyyaml==6.0.3
    # via
    #   auto-test-framework (pyproject.toml)
    #   bandit
regex==2026.5.9
    # via nltk
rich==15.0.0
    # via
    #   bandit
    #   typer
ruamel-yaml==0.19.1
    # via
    #   safety
    #   safety-schemas
safety==3.8.1
    # via auto-test-framework (pyproject.toml)
safety-schemas==0.0.16
    # via safety
shellingham==1.5.4
    # via typer
sqlalchemy==2.0.50
    # via auto-test-framework (pyproject.toml)
stevedore==5.8.0
    # via bandit
structlog==25.5.0
    # via auto-test-framework (pyproject.toml)
tenacity==9.1.4
    # via safety
tomlkit==0.15.0
    # via safety
tqdm==4.67.3
    # via nltk
truststore==0.10.4
    # via safety
typer==0.25.1
    # via safety
typing-extensions==4.15.0
    # via
    #   anyio
    #   grpcio
    #   pydantic
    #   pydantic-core
    #   safety
    #   safety-schemas
    #   sqlalchemy
    #   typing-inspection
typing-inspection==0.4.2
    # via pydantic
watchdog==6.0.0
    # via auto-test-framework (pyproject.toml)
websockets==16.0
    # via auto-test-framework (pyproject.toml)
wheel==0.47.0
    # via pip-tools

# The following packages are considered to be unsafe in a requirements file:
# pip
# setuptools
